
Microsoft Visual Studio Solution File, Format Version 12.00
# Visual Studio Version 17
VisualStudioVersion = 17.9.34622.214
MinimumVisualStudioVersion = 10.0.40219.1
Project("{FAE04EC0-301F-11D3-BF4B-00C04F79EFBC}") = "Lines", "Lines.csproj", "{86BF0497-E2E3-42F0-B3C2-692A4F292298}"
EndProject
Global
	GlobalSection(SolutionConfigurationPlatforms) = preSolution
		Debug|Any CPU = Debug|Any CPU
		Release|Any CPU = Release|Any CPU
	EndGlobalSection
	GlobalSection(ProjectConfigurationPlatforms) = postSolution
		{86BF0497-E2E3-42F0-B3C2-692A4F292298}.Debug|Any CPU.ActiveCfg = Debug|Any CPU
		{86BF0497-E2E3-42F0-B3C2-692A4F292298}.Debug|Any CPU.Build.0 = Debug|Any CPU
		{86BF0497-E2E3-42F0-B3C2-692A4F292298}.Release|Any CPU.ActiveCfg = Release|Any CPU
		{86BF0497-E2E3-42F0-B3C2-692A4F292298}.Release|Any CPU.Build.0 = Release|Any CPU
	EndGlobalSection
	GlobalSection(SolutionProperties) = preSolution
		HideSolutionNode = FALSE
	EndGlobalSection
	GlobalSection(ExtensibilityGlobals) = postSolution
		SolutionGuid = {DDE1232E-5074-4BB9-BDF5-EBF26C2F8937}
	EndGlobalSection
EndGlobal
