
Microsoft Visual Studio Solution File, Format Version 12.00
# Visual Studio Version 17
VisualStudioVersion = 17.9.34607.119
MinimumVisualStudioVersion = 10.0.40219.1
Project("{FAE04EC0-301F-11D3-BF4B-00C04F79EFBC}") = "Crossword", "Crossword\Crossword.csproj", "{0C7E0543-09A3-466F-B48E-E95CAE28E59E}"
EndProject
Global
	GlobalSection(SolutionConfigurationPlatforms) = preSolution
		Debug|Any CPU = Debug|Any CPU
		Release|Any CPU = Release|Any CPU
	EndGlobalSection
	GlobalSection(ProjectConfigurationPlatforms) = postSolution
		{0C7E0543-09A3-466F-B48E-E95CAE28E59E}.Debug|Any CPU.ActiveCfg = Debug|Any CPU
		{0C7E0543-09A3-466F-B48E-E95CAE28E59E}.Debug|Any CPU.Build.0 = Debug|Any CPU
		{0C7E0543-09A3-466F-B48E-E95CAE28E59E}.Release|Any CPU.ActiveCfg = Release|Any CPU
		{0C7E0543-09A3-466F-B48E-E95CAE28E59E}.Release|Any CPU.Build.0 = Release|Any CPU
	EndGlobalSection
	GlobalSection(SolutionProperties) = preSolution
		HideSolutionNode = FALSE
	EndGlobalSection
	GlobalSection(ExtensibilityGlobals) = postSolution
		SolutionGuid = {5403A54B-ACA2-46D6-86F3-2F05B8BD71F6}
	EndGlobalSection
EndGlobal
