
Microsoft Visual Studio Solution File, Format Version 12.00
# Visual Studio Version 17
VisualStudioVersion = 17.9.34723.18
MinimumVisualStudioVersion = 10.0.40219.1
Project("{FAE04EC0-301F-11D3-BF4B-00C04F79EFBC}") = "FrequencyDict", "FrequencyDict.csproj", "{2EC2CF18-8992-4D1E-A2F1-23FDD6B16F1A}"
EndProject
Global
	GlobalSection(SolutionConfigurationPlatforms) = preSolution
		Debug|Any CPU = Debug|Any CPU
		Release|Any CPU = Release|Any CPU
	EndGlobalSection
	GlobalSection(ProjectConfigurationPlatforms) = postSolution
		{2EC2CF18-8992-4D1E-A2F1-23FDD6B16F1A}.Debug|Any CPU.ActiveCfg = Debug|Any CPU
		{2EC2CF18-8992-4D1E-A2F1-23FDD6B16F1A}.Debug|Any CPU.Build.0 = Debug|Any CPU
		{2EC2CF18-8992-4D1E-A2F1-23FDD6B16F1A}.Release|Any CPU.ActiveCfg = Release|Any CPU
		{2EC2CF18-8992-4D1E-A2F1-23FDD6B16F1A}.Release|Any CPU.Build.0 = Release|Any CPU
	EndGlobalSection
	GlobalSection(SolutionProperties) = preSolution
		HideSolutionNode = FALSE
	EndGlobalSection
	GlobalSection(ExtensibilityGlobals) = postSolution
		SolutionGuid = {30773ADE-A552-4DFC-9A9D-39E6FDD4AAC1}
	EndGlobalSection
EndGlobal
