
Microsoft Visual Studio Solution File, Format Version 12.00
# Visual Studio Version 17
VisualStudioVersion = 17.9.34607.119
MinimumVisualStudioVersion = 10.0.40219.1
Project("{FAE04EC0-301F-11D3-BF4B-00C04F79EFBC}") = "ColorHomes", "ColorHomes\ColorHomes.csproj", "{6DF2444A-55A3-4A85-BFE7-62DE0D78FAA4}"
EndProject
Global
	GlobalSection(SolutionConfigurationPlatforms) = preSolution
		Debug|Any CPU = Debug|Any CPU
		Release|Any CPU = Release|Any CPU
	EndGlobalSection
	GlobalSection(ProjectConfigurationPlatforms) = postSolution
		{6DF2444A-55A3-4A85-BFE7-62DE0D78FAA4}.Debug|Any CPU.ActiveCfg = Debug|Any CPU
		{6DF2444A-55A3-4A85-BFE7-62DE0D78FAA4}.Debug|Any CPU.Build.0 = Debug|Any CPU
		{6DF2444A-55A3-4A85-BFE7-62DE0D78FAA4}.Release|Any CPU.ActiveCfg = Release|Any CPU
		{6DF2444A-55A3-4A85-BFE7-62DE0D78FAA4}.Release|Any CPU.Build.0 = Release|Any CPU
	EndGlobalSection
	GlobalSection(SolutionProperties) = preSolution
		HideSolutionNode = FALSE
	EndGlobalSection
	GlobalSection(ExtensibilityGlobals) = postSolution
		SolutionGuid = {8DEAC114-B963-47B2-B694-288678CEDBD4}
	EndGlobalSection
EndGlobal
