
Microsoft Visual Studio Solution File, Format Version 12.00
# Visual Studio Version 17
VisualStudioVersion = 17.9.34723.18
MinimumVisualStudioVersion = 10.0.40219.1
Project("{FAE04EC0-301F-11D3-BF4B-00C04F79EFBC}") = "Village", "Village.csproj", "{7CAE4565-A54F-4FF5-A2C6-EABC91A3BC10}"
EndProject
Global
	GlobalSection(SolutionConfigurationPlatforms) = preSolution
		Debug|Any CPU = Debug|Any CPU
		Release|Any CPU = Release|Any CPU
	EndGlobalSection
	GlobalSection(ProjectConfigurationPlatforms) = postSolution
		{7CAE4565-A54F-4FF5-A2C6-EABC91A3BC10}.Debug|Any CPU.ActiveCfg = Debug|Any CPU
		{7CAE4565-A54F-4FF5-A2C6-EABC91A3BC10}.Debug|Any CPU.Build.0 = Debug|Any CPU
		{7CAE4565-A54F-4FF5-A2C6-EABC91A3BC10}.Release|Any CPU.ActiveCfg = Release|Any CPU
		{7CAE4565-A54F-4FF5-A2C6-EABC91A3BC10}.Release|Any CPU.Build.0 = Release|Any CPU
	EndGlobalSection
	GlobalSection(SolutionProperties) = preSolution
		HideSolutionNode = FALSE
	EndGlobalSection
	GlobalSection(ExtensibilityGlobals) = postSolution
		SolutionGuid = {C92B5867-8824-4538-8F2B-614CB1849F6C}
	EndGlobalSection
EndGlobal
